{
  "version": 4,
  "terraform_version": "0.12.28",
  "serial": 5,
  "lineage": "1883dc0c-6413-b3b9-ec6e-849f65ecdd9a",
  "outputs": {},
  "resources": [
    {
      "module": "module.myec2Instance",
      "mode": "managed",
      "type": "aws_instance",
      "name": "this",
      "each": "list",
      "provider": "provider.aws",
      "instances": [
        {
          "index_key": 0,
          "schema_version": 1,
          "attributes": {
            "ami": "ami-021809d9177640a20",
            "arn": "arn:aws:ec2:us-west-1:904489333395:instance/i-077d60f0f388b793f",
            "associate_public_ip_address": true,
            "availability_zone": "us-west-1a",
            "cpu_core_count": 1,
            "cpu_threads_per_core": 1,
            "credit_specification": [
              {
                "cpu_credits": "standard"
              }
            ],
            "disable_api_termination": false,
            "ebs_block_device": [],
            "ebs_optimized": false,
            "ephemeral_block_device": [],
            "get_password_data": false,
            "hibernation": false,
            "host_id": null,
            "iam_instance_profile": "",
            "id": "i-077d60f0f388b793f",
            "instance_initiated_shutdown_behavior": null,
            "instance_state": "running",
            "instance_type": "t2.micro",
            "ipv6_address_count": 0,
            "ipv6_addresses": [],
            "key_name": "keymodule",
            "metadata_options": [
              {
                "http_endpoint": "enabled",
                "http_put_response_hop_limit": 1,
                "http_tokens": "optional"
              }
            ],
            "monitoring": false,
            "network_interface": [],
            "outpost_arn": "",
            "password_data": "",
            "placement_group": "",
            "primary_network_interface_id": "eni-096cc0f05a7f0dc89",
            "private_dns": "ip-172-31-27-119.us-west-1.compute.internal",
            "private_ip": "172.31.27.119",
            "public_dns": "ec2-54-67-54-0.us-west-1.compute.amazonaws.com",
            "public_ip": "54.67.54.0",
            "root_block_device": [
              {
                "delete_on_termination": true,
                "device_name": "/dev/sda1",
                "encrypted": false,
                "iops": 100,
                "kms_key_id": "",
                "volume_id": "vol-0fe72a8921af52141",
                "volume_size": 8,
                "volume_type": "gp2"
              }
            ],
            "secondary_private_ips": [],
            "security_groups": [
              "test"
            ],
            "source_dest_check": true,
            "subnet_id": "subnet-ba3393dc",
            "tags": {
              "Name": "webserver-001"
            },
            "tenancy": "default",
            "timeouts": null,
            "user_data": null,
            "user_data_base64": null,
            "volume_tags": {},
            "vpc_security_group_ids": [
              "sg-02db9c6fc089da642"
            ]
          },
          "private": "eyJlMmJmYjczMC1lY2FhLTExZTYtOGY4OC0zNDM2M2JjN2M0YzAiOnsiY3JlYXRlIjo2MDAwMDAwMDAwMDAsImRlbGV0ZSI6MTIwMDAwMDAwMDAwMCwidXBkYXRlIjo2MDAwMDAwMDAwMDB9LCJzY2hlbWFfdmVyc2lvbiI6IjEifQ==",
          "dependencies": [
            "aws_key_pair.keymodule"
          ]
        },
        {
          "index_key": 1,
          "schema_version": 1,
          "attributes": {
            "ami": "ami-021809d9177640a20",
            "arn": "arn:aws:ec2:us-west-1:904489333395:instance/i-0ae5c1ae05a0d8bfa",
            "associate_public_ip_address": true,
            "availability_zone": "us-west-1a",
            "cpu_core_count": 1,
            "cpu_threads_per_core": 1,
            "credit_specification": [
              {
                "cpu_credits": "standard"
              }
            ],
            "disable_api_termination": false,
            "ebs_block_device": [],
            "ebs_optimized": false,
            "ephemeral_block_device": [],
            "get_password_data": false,
            "hibernation": false,
            "host_id": null,
            "iam_instance_profile": "",
            "id": "i-0ae5c1ae05a0d8bfa",
            "instance_initiated_shutdown_behavior": null,
            "instance_state": "running",
            "instance_type": "t2.micro",
            "ipv6_address_count": 0,
            "ipv6_addresses": [],
            "key_name": "keymodule",
            "metadata_options": [
              {
                "http_endpoint": "enabled",
                "http_put_response_hop_limit": 1,
                "http_tokens": "optional"
              }
            ],
            "monitoring": false,
            "network_interface": [],
            "outpost_arn": "",
            "password_data": "",
            "placement_group": "",
            "primary_network_interface_id": "eni-008522f0efe9f920b",
            "private_dns": "ip-172-31-16-98.us-west-1.compute.internal",
            "private_ip": "172.31.16.98",
            "public_dns": "ec2-54-183-181-141.us-west-1.compute.amazonaws.com",
            "public_ip": "54.183.181.141",
            "root_block_device": [
              {
                "delete_on_termination": true,
                "device_name": "/dev/sda1",
                "encrypted": false,
                "iops": 100,
                "kms_key_id": "",
                "volume_id": "vol-02a9ffecd8310d88d",
                "volume_size": 8,
                "volume_type": "gp2"
              }
            ],
            "secondary_private_ips": [],
            "security_groups": [
              "test"
            ],
            "source_dest_check": true,
            "subnet_id": "subnet-ba3393dc",
            "tags": {
              "Name": "webserver-002"
            },
            "tenancy": "default",
            "timeouts": null,
            "user_data": null,
            "user_data_base64": null,
            "volume_tags": {},
            "vpc_security_group_ids": [
              "sg-02db9c6fc089da642"
            ]
          },
          "private": "eyJlMmJmYjczMC1lY2FhLTExZTYtOGY4OC0zNDM2M2JjN2M0YzAiOnsiY3JlYXRlIjo2MDAwMDAwMDAwMDAsImRlbGV0ZSI6MTIwMDAwMDAwMDAwMCwidXBkYXRlIjo2MDAwMDAwMDAwMDB9LCJzY2hlbWFfdmVyc2lvbiI6IjEifQ==",
          "dependencies": [
            "aws_key_pair.keymodule"
          ]
        },
        {
          "index_key": 2,
          "schema_version": 1,
          "attributes": {
            "ami": "ami-021809d9177640a20",
            "arn": "arn:aws:ec2:us-west-1:904489333395:instance/i-0d15595102c9c8f5a",
            "associate_public_ip_address": true,
            "availability_zone": "us-west-1a",
            "cpu_core_count": 1,
            "cpu_threads_per_core": 1,
            "credit_specification": [
              {
                "cpu_credits": "standard"
              }
            ],
            "disable_api_termination": false,
            "ebs_block_device": [],
            "ebs_optimized": false,
            "ephemeral_block_device": [],
            "get_password_data": false,
            "hibernation": false,
            "host_id": null,
            "iam_instance_profile": "",
            "id": "i-0d15595102c9c8f5a",
            "instance_initiated_shutdown_behavior": null,
            "instance_state": "running",
            "instance_type": "t2.micro",
            "ipv6_address_count": 0,
            "ipv6_addresses": [],
            "key_name": "keymodule",
            "metadata_options": [
              {
                "http_endpoint": "enabled",
                "http_put_response_hop_limit": 1,
                "http_tokens": "optional"
              }
            ],
            "monitoring": false,
            "network_interface": [],
            "outpost_arn": "",
            "password_data": "",
            "placement_group": "",
            "primary_network_interface_id": "eni-0d4596db427fc8c5f",
            "private_dns": "ip-172-31-25-174.us-west-1.compute.internal",
            "private_ip": "172.31.25.174",
            "public_dns": "ec2-3-101-65-157.us-west-1.compute.amazonaws.com",
            "public_ip": "3.101.65.157",
            "root_block_device": [
              {
                "delete_on_termination": true,
                "device_name": "/dev/sda1",
                "encrypted": false,
                "iops": 100,
                "kms_key_id": "",
                "volume_id": "vol-0a04d955368164694",
                "volume_size": 8,
                "volume_type": "gp2"
              }
            ],
            "secondary_private_ips": [],
            "security_groups": [
              "test"
            ],
            "source_dest_check": true,
            "subnet_id": "subnet-ba3393dc",
            "tags": {
              "Name": "webserver-003"
            },
            "tenancy": "default",
            "timeouts": null,
            "user_data": null,
            "user_data_base64": null,
            "volume_tags": {},
            "vpc_security_group_ids": [
              "sg-02db9c6fc089da642"
            ]
          },
          "private": "eyJlMmJmYjczMC1lY2FhLTExZTYtOGY4OC0zNDM2M2JjN2M0YzAiOnsiY3JlYXRlIjo2MDAwMDAwMDAwMDAsImRlbGV0ZSI6MTIwMDAwMDAwMDAwMCwidXBkYXRlIjo2MDAwMDAwMDAwMDB9LCJzY2hlbWFfdmVyc2lvbiI6IjEifQ==",
          "dependencies": [
            "aws_key_pair.keymodule"
          ]
        }
      ]
    },
    {
      "mode": "managed",
      "type": "aws_key_pair",
      "name": "keymodule",
      "provider": "provider.aws",
      "instances": [
        {
          "schema_version": 1,
          "attributes": {
            "arn": "arn:aws:ec2:us-west-1:904489333395:key-pair/keymodule",
            "fingerprint": "aa:c6:61:3e:72:ea:01:09:bf:4a:5c:1a:5b:35:cd:ba",
            "id": "keymodule",
            "key_name": "keymodule",
            "key_name_prefix": null,
            "key_pair_id": "key-0fdd2c3e038f5d547",
            "public_key": "ssh-rsa AAAAB3NzaC1yc2EAAAADAQABAAABgQC85flOEVRjlswKo0dtl7VRh004WgLp6vhw6O8LXV3tVgFE6QX5qaqsem8gilNAGKBmwhNe7wq3w7J9P8bNgfM3icdrnyXxfk/fv2DIY0uip5ogxxR3gUmghLAXyY4Q0cMfzsOBSfL3a7R5csFPnk8/FCrLnS5LRfsebINoFtoN5AvdcAlBXifEGMBXYWlXDLJ1axUacDBYItfpzev14EjAxegqGwmOiZu16GE+TzUcpbvxs/7kWwZIdF5FLioQd+ksrSdkA+yI7XyMnOLW7QP/99b7Fh6GrQU9EmnBzAQPzSKI63AlJZb9+WEUiTlTdO2QptHZXyf04XBEwiVBKpTV562UonkxyLpQ+EdgJabxK5WPmPrAfBIsJEANLbXgyi+YFi1Gnmt0+i50TMaKYqGcKXFZTMMeGD7FqvooHkYV4ep+qGmz8+o7rH2+W0XAJZyWhAgE6zI/+p3GusL41dCoJZwSUl3ZlooArIplI7DeXpFkiQ5jBzRVfWgujKtcOz0= hisbu@ThinkX",
            "tags": null
          },
          "private": "eyJzY2hlbWFfdmVyc2lvbiI6IjEifQ=="
        }
      ]
    }
  ]
}
